
Microsoft Visual Studio Solution File, Format Version 12.00
# Visual Studio Version 16
VisualStudioVersion = 16.0.31129.286
MinimumVisualStudioVersion = 10.0.40219.1
Project("{FAE04EC0-301F-11D3-BF4B-00C04F79EFBC}") = "WpfBrowserApp1", "WpfBrowserApp1.csproj", "{EBD01FDB-16B1-49E3-98CF-C73A84863980}"
EndProject
Global
	GlobalSection(SolutionConfigurationPlatforms) = preSolution
		Debug|Any CPU = Debug|Any CPU
		Release|Any CPU = Release|Any CPU
	EndGlobalSection
	GlobalSection(ProjectConfigurationPlatforms) = postSolution
		{EBD01FDB-16B1-49E3-98CF-C73A84863980}.Debug|Any CPU.ActiveCfg = Debug|Any CPU
		{EBD01FDB-16B1-49E3-98CF-C73A84863980}.Debug|Any CPU.Build.0 = Debug|Any CPU
		{EBD01FDB-16B1-49E3-98CF-C73A84863980}.Release|Any CPU.ActiveCfg = Release|Any CPU
		{EBD01FDB-16B1-49E3-98CF-C73A84863980}.Release|Any CPU.Build.0 = Release|Any CPU
	EndGlobalSection
	GlobalSection(SolutionProperties) = preSolution
		HideSolutionNode = FALSE
	EndGlobalSection
	GlobalSection(ExtensibilityGlobals) = postSolution
		SolutionGuid = {CF92F906-FD9C-491A-BE65-3E941CDCDDDB}
	EndGlobalSection
EndGlobal
